{
  "name": "@dangl/angular-material-shared",
  "version": "0.0.1",
  "lockfileVersion": 3,
  "requires": true,
  "packages": {
    "": {
      "name": "@dangl/angular-material-shared",
      "version": "0.0.1",
      "dependencies": {
        "tslib": ">=2.3.1"
      },
      "peerDependencies": {
        "@angular/animations": ">=22.0.0",
        "@angular/cdk": ">=22.0.0",
        "@angular/common": ">=22.0.0",
        "@angular/compiler": ">=22.0.0",
        "@angular/core": ">=22.0.0",
        "@angular/forms": ">=22.0.0",
        "@angular/material": ">=22.0.0",
        "@angular/router": ">=22.0.0"
      }
    },
    "node_modules/@angular/animations": {
      "version": "22.1.6",
      "resolved": "https://registry.npmjs.org/@angular/animations/-/animations-22.1.6.tgz",
      "integrity": "sha512-o3tad5WSlcq80aFvZGQ1VrNtY2fieJWbYn1h2AxJXE1Mj0h3atvw4zgQ+qx9ZRCYsZvsluW88YxA1Zk0bCuZvQ==",
      "deprecated": "@angular/animations is deprecated. Use `animate.enter` and `animate.leave` instead. For more information see: https://v22.angular.dev/guide/animations.",
      "license": "MIT",
      "peer": true,
      "dependencies": {
        "tslib": "^2.3.0"
      },
      "engines": {
        "node": "^22.22.3 || ^24.15.0 || >=26.0.0"
      },
      "peerDependencies": {
        "@angular/core": "22.1.6"
      }
    },
    "node_modules/@angular/cdk": {
      "version": "22.1.6",
      "resolved": "https://registry.npmjs.org/@angular/cdk/-/cdk-22.1.6.tgz",
      "integrity": "sha512-4eHSs/sIIp1mesNKFDkDTYDhfB/3/Bpfjzv/PbybsKVd642FTa3IAbjWf3uqHS/V7mpucF3Q5gSpirZHDgxwrg==",
      "license": "MIT",
      "peer": true,
      "dependencies": {
        "parse5": "^8.0.0",
        "tslib": "^2.3.0"
      },
      "peerDependencies": {
        "@angular/common": "^22.0.0 || ^23.0.0",
        "@angular/core": "^22.0.0 || ^23.0.0",
        "@angular/forms": "^22.0.0 || ^23.0.0",
        "@angular/platform-browser": "^22.0.0 || ^23.0.0",
        "rxjs": "^6.5.3 || ^7.4.0"
      }
    },
    "node_modules/@angular/common": {
      "version": "22.1.6",
      "resolved": "https://registry.npmjs.org/@angular/common/-/common-22.1.6.tgz",
      "integrity": "sha512-giuH+jJvo6YbBxbKofJCXvq6k8g1Z/xCAvh4piNFSSS6/toXTLCeZ+snr6Stw5b2wRbArM5Q5nDeuto3NqVPnQ==",
      "license": "MIT",
      "peer": true,
      "dependencies": {
        "tslib": "^2.3.0"
      },
      "engines": {
        "node": "^22.22.3 || ^24.15.0 || >=26.0.0"
      },
      "peerDependencies": {
        "@angular/core": "22.1.6",
        "rxjs": "^6.5.3 || ^7.4.0"
      }
    },
    "node_modules/@angular/compiler": {
      "version": "22.1.6",
      "resolved": "https://registry.npmjs.org/@angular/compiler/-/compiler-22.1.6.tgz",
      "integrity": "sha512-JjOUm/qD338+fGfZvxSNn/vTUiVqNwOiPzacInVUq1eVp7Jev+cnvEwXA2cFJkYZoy3Imz6wHoMvTUZNN8cbKQ==",
      "license": "MIT",
      "peer": true,
      "dependencies": {
        "tslib": "^2.3.0"
      },
      "engines": {
        "node": "^22.22.3 || ^24.15.0 || >=26.0.0"
      }
    },
    "node_modules/@angular/core": {
      "version": "22.1.6",
      "resolved": "https://registry.npmjs.org/@angular/core/-/core-22.1.6.tgz",
      "integrity": "sha512-3Ln9YYOhsaU2vPufnpcu6C4dlmX4e/nJTlggVcKMT7bGZH5KlEtw3h0uh9YfANv8YhQCEk1AcuRI7KpBnh5ing==",
      "license": "MIT",
      "peer": true,
      "dependencies": {
        "tslib": "^2.3.0"
      },
      "engines": {
        "node": "^22.22.3 || ^24.15.0 || >=26.0.0"
      },
      "peerDependencies": {
        "@angular/compiler": "22.1.6",
        "rxjs": "^6.5.3 || ^7.4.0",
        "zone.js": "~0.15.0 || ~0.16.0"
      },
      "peerDependenciesMeta": {
        "@angular/compiler": {
          "optional": true
        },
        "zone.js": {
          "optional": true
        }
      }
    },
    "node_modules/@angular/forms": {
      "version": "22.1.6",
      "resolved": "https://registry.npmjs.org/@angular/forms/-/forms-22.1.6.tgz",
      "integrity": "sha512-rfV4G4UB4l69yXSRvhaHPzTMIruvBlRO+ak9NtTcYMnsoj8O5ZCyPv0ledGIrLTBwGSI3X1j4nr9aoV+Rj/n+Q==",
      "license": "MIT",
      "peer": true,
      "dependencies": {
        "@standard-schema/spec": "^1.0.0",
        "tslib": "^2.3.0",
        "zod": "^4.0.10"
      },
      "engines": {
        "node": "^22.22.3 || ^24.15.0 || >=26.0.0"
      },
      "peerDependencies": {
        "@angular/common": "22.1.6",
        "@angular/core": "22.1.6",
        "@angular/platform-browser": "22.1.6",
        "rxjs": "^6.5.3 || ^7.4.0"
      }
    },
    "node_modules/@angular/material": {
      "version": "22.1.6",
      "resolved": "https://registry.npmjs.org/@angular/material/-/material-22.1.6.tgz",
      "integrity": "sha512-NpURtI21B7D6+DVltihVLxQWOm/cshlbJKqlUuSmyoGGO8Fvf4RxMtx6IZ5YAfVSQsuZvCvdXPc4BKUlJrqnHw==",
      "license": "MIT",
      "peer": true,
      "dependencies": {
        "tslib": "^2.3.0"
      },
      "peerDependencies": {
        "@angular/cdk": "22.1.6",
        "@angular/common": "^22.0.0 || ^23.0.0",
        "@angular/core": "^22.0.0 || ^23.0.0",
        "@angular/forms": "^22.0.0 || ^23.0.0",
        "@angular/platform-browser": "^22.0.0 || ^23.0.0",
        "rxjs": "^6.5.3 || ^7.4.0"
      }
    },
    "node_modules/@angular/platform-browser": {
      "version": "22.1.6",
      "resolved": "https://registry.npmjs.org/@angular/platform-browser/-/platform-browser-22.1.6.tgz",
      "integrity": "sha512-jrRi6zpdz+jOle5l0OW7QL0a8xPgdnxWT5FrJabbiNKfYzQfqKcaAu02l8uJoJxtGb8fLQ8pbjkPpZEvKO2z+w==",
      "license": "MIT",
      "peer": true,
      "dependencies": {
        "tslib": "^2.3.0"
      },
      "engines": {
        "node": "^22.22.3 || ^24.15.0 || >=26.0.0"
      },
      "peerDependencies": {
        "@angular/animations": "22.1.6",
        "@angular/common": "22.1.6",
        "@angular/core": "22.1.6"
      },
      "peerDependenciesMeta": {
        "@angular/animations": {
          "optional": true
        }
      }
    },
    "node_modules/@angular/router": {
      "version": "22.1.6",
      "resolved": "https://registry.npmjs.org/@angular/router/-/router-22.1.6.tgz",
      "integrity": "sha512-ex0vrkcVyJJdn7NzZXun+5ctaPPLTZJ/gE7A3g1dun7BM3g4Z6zT738mODFeJgtPtJNf4bTs2gpgvyegvzWH7w==",
      "license": "MIT",
      "peer": true,
      "dependencies": {
        "tslib": "^2.3.0"
      },
      "engines": {
        "node": "^22.22.3 || ^24.15.0 || >=26.0.0"
      },
      "peerDependencies": {
        "@angular/common": "22.1.6",
        "@angular/core": "22.1.6",
        "@angular/platform-browser": "22.1.6",
        "rxjs": "^6.5.3 || ^7.4.0"
      }
    },
    "node_modules/@standard-schema/spec": {
      "version": "1.1.0",
      "resolved": "https://registry.npmjs.org/@standard-schema/spec/-/spec-1.1.0.tgz",
      "integrity": "sha512-l2aFy5jALhniG5HgqrD6jXLi/rUWrKvqN/qJx6yoJsgKhblVd+iqqU4RCXavm/jPityDo5TCvKMnpjKnOriy0w==",
      "license": "MIT",
      "peer": true
    },
    "node_modules/entities": {
      "version": "6.0.1",
      "resolved": "https://registry.npmjs.org/entities/-/entities-6.0.1.tgz",
      "integrity": "sha512-aN97NXWF6AWBTahfVOIrB/NShkzi5H7F9r1s9mD3cDj4Ko5f2qhhVoYMibXF7GlLveb/D2ioWay8lxI97Ven3g==",
      "license": "BSD-2-Clause",
      "peer": true,
      "engines": {
        "node": ">=0.12"
      },
      "funding": {
        "url": "https://github.com/fb55/entities?sponsor=1"
      }
    },
    "node_modules/parse5": {
      "version": "8.0.0",
      "resolved": "https://registry.npmjs.org/parse5/-/parse5-8.0.0.tgz",
      "integrity": "sha512-9m4m5GSgXjL4AjumKzq1Fgfp3Z8rsvjRNbnkVwfu2ImRqE5D0LnY2QfDen18FSY9C573YU5XxSapdHZTZ2WolA==",
      "license": "MIT",
      "peer": true,
      "dependencies": {
        "entities": "^6.0.0"
      },
      "funding": {
        "url": "https://github.com/inikulin/parse5?sponsor=1"
      }
    },
    "node_modules/rxjs": {
      "version": "7.8.1",
      "resolved": "https://registry.npmjs.org/rxjs/-/rxjs-7.8.1.tgz",
      "integrity": "sha512-AA3TVj+0A2iuIoQkWEK/tqFjBq2j+6PO6Y0zJcvzLAFhEFIO3HL0vls9hWLncZbAAbK0mar7oZ4V079I/qPMxg==",
      "peer": true,
      "dependencies": {
        "tslib": "^2.1.0"
      }
    },
    "node_modules/tslib": {
      "version": "2.6.2",
      "resolved": "https://registry.npmjs.org/tslib/-/tslib-2.6.2.tgz",
      "integrity": "sha512-AEYxH93jGFPn/a2iVAwW87VuUIkR1FVUKB77NwMF7nBTDkDrrT/Hpt/IrCJ0QXhW27jTBDcf5ZY7w6RiqTMw2Q=="
    },
    "node_modules/zod": {
      "version": "4.6.5",
      "resolved": "https://registry.npmjs.org/zod/-/zod-4.6.5.tgz",
      "integrity": "sha512-v5l/aFXZQeai4awLbOpSoHecE9UiMrnfx75tEXLjNonXVARxQ5mOeipTjROUchszUNCqnE+hqAMujRsRHsut2Q==",
      "license": "MIT",
      "peer": true,
      "funding": {
        "url": "https://github.com/sponsors/colinhacks"
      }
    }
  }
}
